
Microsoft Visual Studio Solution File, Format Version 12.00
# Visual Studio Version 16
VisualStudioVersion = 16.0.29509.3
MinimumVisualStudioVersion = 10.0.40219.1
Project("{FAE04EC0-301F-11D3-BF4B-00C04F79EFBC}") = "RecordTypeTable", "RecordTypeTable\RecordTypeTable.csproj", "{ED40CBCD-6673-42BC-BD5C-84B41EC96FF7}"
EndProject
Project("{FAE04EC0-301F-11D3-BF4B-00C04F79EFBC}") = "RecordTypeTableTests", "RecordTypeTableTests\RecordTypeTableTests.csproj", "{C57332ED-A0D5-4BE2-8895-D4C1FC5242A2}"
EndProject
Global
	GlobalSection(SolutionConfigurationPlatforms) = preSolution
		Debug|Any CPU = Debug|Any CPU
		Release|Any CPU = Release|Any CPU
	EndGlobalSection
	GlobalSection(ProjectConfigurationPlatforms) = postSolution
		{ED40CBCD-6673-42BC-BD5C-84B41EC96FF7}.Debug|Any CPU.ActiveCfg = Debug|Any CPU
		{ED40CBCD-6673-42BC-BD5C-84B41EC96FF7}.Debug|Any CPU.Build.0 = Debug|Any CPU
		{ED40CBCD-6673-42BC-BD5C-84B41EC96FF7}.Release|Any CPU.ActiveCfg = Release|Any CPU
		{ED40CBCD-6673-42BC-BD5C-84B41EC96FF7}.Release|Any CPU.Build.0 = Release|Any CPU
		{C57332ED-A0D5-4BE2-8895-D4C1FC5242A2}.Debug|Any CPU.ActiveCfg = Debug|Any CPU
		{C57332ED-A0D5-4BE2-8895-D4C1FC5242A2}.Debug|Any CPU.Build.0 = Debug|Any CPU
		{C57332ED-A0D5-4BE2-8895-D4C1FC5242A2}.Release|Any CPU.ActiveCfg = Release|Any CPU
		{C57332ED-A0D5-4BE2-8895-D4C1FC5242A2}.Release|Any CPU.Build.0 = Release|Any CPU
	EndGlobalSection
	GlobalSection(SolutionProperties) = preSolution
		HideSolutionNode = FALSE
	EndGlobalSection
	GlobalSection(ExtensibilityGlobals) = postSolution
		SolutionGuid = {94488E75-DA72-4014-86E5-8B80BF585933}
	EndGlobalSection
EndGlobal
