
Microsoft Visual Studio Solution File, Format Version 12.00
# Visual Studio Version 16
VisualStudioVersion = 16.0.29509.3
MinimumVisualStudioVersion = 10.0.40219.1
Project("{9A19103F-16F7-4668-BE54-9A1E7A4F7556}") = "RecordTypeTable", "RecordTypeTable\RecordTypeTable.csproj", "{ED40CBCD-6673-42BC-BD5C-84B41EC96FF7}"
EndProject
Project("{9A19103F-16F7-4668-BE54-9A1E7A4F7556}") = "RecordTypeTableTests", "RecordTypeTableTests\RecordTypeTableTests.csproj", "{C57332ED-A0D5-4BE2-8895-D4C1FC5242A2}"
EndProject
Project("{9A19103F-16F7-4668-BE54-9A1E7A4F7556}") = "ConsoleClient", "ConsoleClient\ConsoleClient.csproj", "{D01BD34F-DA71-45EF-83F2-4C9461E8CB2C}"
EndProject
Project("{9A19103F-16F7-4668-BE54-9A1E7A4F7556}") = "StreamDemo", "StreamDemo\StreamDemo.csproj", "{A63F9D53-B88B-42A2-8387-80C4512FECDE}"
EndProject
Project("{9A19103F-16F7-4668-BE54-9A1E7A4F7556}") = "StreamDemo.Tests", "StreamDemo.Tests\StreamDemo.Tests.csproj", "{FE0E51BF-F705-4E96-BC90-45E6695224FC}"
EndProject
Project("{9A19103F-16F7-4668-BE54-9A1E7A4F7556}") = "Streams", "Streams\Streams.csproj", "{6A78E39C-3A81-4E8A-8EC9-7480D73D34B3}"
EndProject
Project("{9A19103F-16F7-4668-BE54-9A1E7A4F7556}") = "Streams.Tests", "Streams.Tests\Streams.Tests.csproj", "{83DBFAA3-63AF-4846-9879-BBB364AD287E}"
EndProject
Global
	GlobalSection(SolutionConfigurationPlatforms) = preSolution
		Debug|Any CPU = Debug|Any CPU
		Release|Any CPU = Release|Any CPU
	EndGlobalSection
	GlobalSection(ProjectConfigurationPlatforms) = postSolution
		{ED40CBCD-6673-42BC-BD5C-84B41EC96FF7}.Debug|Any CPU.ActiveCfg = Debug|Any CPU
		{ED40CBCD-6673-42BC-BD5C-84B41EC96FF7}.Debug|Any CPU.Build.0 = Debug|Any CPU
		{ED40CBCD-6673-42BC-BD5C-84B41EC96FF7}.Release|Any CPU.ActiveCfg = Release|Any CPU
		{ED40CBCD-6673-42BC-BD5C-84B41EC96FF7}.Release|Any CPU.Build.0 = Release|Any CPU
		{C57332ED-A0D5-4BE2-8895-D4C1FC5242A2}.Debug|Any CPU.ActiveCfg = Debug|Any CPU
		{C57332ED-A0D5-4BE2-8895-D4C1FC5242A2}.Debug|Any CPU.Build.0 = Debug|Any CPU
		{C57332ED-A0D5-4BE2-8895-D4C1FC5242A2}.Release|Any CPU.ActiveCfg = Release|Any CPU
		{C57332ED-A0D5-4BE2-8895-D4C1FC5242A2}.Release|Any CPU.Build.0 = Release|Any CPU
		{D01BD34F-DA71-45EF-83F2-4C9461E8CB2C}.Debug|Any CPU.ActiveCfg = Debug|Any CPU
		{D01BD34F-DA71-45EF-83F2-4C9461E8CB2C}.Debug|Any CPU.Build.0 = Debug|Any CPU
		{D01BD34F-DA71-45EF-83F2-4C9461E8CB2C}.Release|Any CPU.ActiveCfg = Release|Any CPU
		{D01BD34F-DA71-45EF-83F2-4C9461E8CB2C}.Release|Any CPU.Build.0 = Release|Any CPU
		{A63F9D53-B88B-42A2-8387-80C4512FECDE}.Debug|Any CPU.ActiveCfg = Debug|Any CPU
		{A63F9D53-B88B-42A2-8387-80C4512FECDE}.Debug|Any CPU.Build.0 = Debug|Any CPU
		{A63F9D53-B88B-42A2-8387-80C4512FECDE}.Release|Any CPU.ActiveCfg = Release|Any CPU
		{A63F9D53-B88B-42A2-8387-80C4512FECDE}.Release|Any CPU.Build.0 = Release|Any CPU
		{FE0E51BF-F705-4E96-BC90-45E6695224FC}.Debug|Any CPU.ActiveCfg = Debug|Any CPU
		{FE0E51BF-F705-4E96-BC90-45E6695224FC}.Debug|Any CPU.Build.0 = Debug|Any CPU
		{FE0E51BF-F705-4E96-BC90-45E6695224FC}.Release|Any CPU.ActiveCfg = Release|Any CPU
		{FE0E51BF-F705-4E96-BC90-45E6695224FC}.Release|Any CPU.Build.0 = Release|Any CPU
		{6A78E39C-3A81-4E8A-8EC9-7480D73D34B3}.Debug|Any CPU.ActiveCfg = Debug|Any CPU
		{6A78E39C-3A81-4E8A-8EC9-7480D73D34B3}.Debug|Any CPU.Build.0 = Debug|Any CPU
		{6A78E39C-3A81-4E8A-8EC9-7480D73D34B3}.Release|Any CPU.ActiveCfg = Release|Any CPU
		{6A78E39C-3A81-4E8A-8EC9-7480D73D34B3}.Release|Any CPU.Build.0 = Release|Any CPU
		{83DBFAA3-63AF-4846-9879-BBB364AD287E}.Debug|Any CPU.ActiveCfg = Debug|Any CPU
		{83DBFAA3-63AF-4846-9879-BBB364AD287E}.Debug|Any CPU.Build.0 = Debug|Any CPU
		{83DBFAA3-63AF-4846-9879-BBB364AD287E}.Release|Any CPU.ActiveCfg = Release|Any CPU
		{83DBFAA3-63AF-4846-9879-BBB364AD287E}.Release|Any CPU.Build.0 = Release|Any CPU
	EndGlobalSection
	GlobalSection(SolutionProperties) = preSolution
		HideSolutionNode = FALSE
	EndGlobalSection
	GlobalSection(ExtensibilityGlobals) = postSolution
		SolutionGuid = {94488E75-DA72-4014-86E5-8B80BF585933}
	EndGlobalSection
EndGlobal
